
Microsoft Visual Studio Solution File, Format Version 12.00
# Visual Studio Version 17
VisualStudioVersion = 17.4.33213.308
MinimumVisualStudioVersion = 10.0.40219.1
Project("{FAE04EC0-301F-11D3-BF4B-00C04F79EFBC}") = "RomanNumerals", "RomanNumerals\RomanNumerals.csproj", "{459FD616-27A8-49B0-9EAD-D0685D12F568}"
EndProject
Project("{FAE04EC0-301F-11D3-BF4B-00C04F79EFBC}") = "Tests", "Tests\Tests.csproj", "{55FC7697-28D4-4262-8790-C05E5749EC5B}"
EndProject
Global
	GlobalSection(SolutionConfigurationPlatforms) = preSolution
		Debug|Any CPU = Debug|Any CPU
		Release|Any CPU = Release|Any CPU
	EndGlobalSection
	GlobalSection(ProjectConfigurationPlatforms) = postSolution
		{459FD616-27A8-49B0-9EAD-D0685D12F568}.Debug|Any CPU.ActiveCfg = Debug|Any CPU
		{459FD616-27A8-49B0-9EAD-D0685D12F568}.Debug|Any CPU.Build.0 = Debug|Any CPU
		{459FD616-27A8-49B0-9EAD-D0685D12F568}.Release|Any CPU.ActiveCfg = Release|Any CPU
		{459FD616-27A8-49B0-9EAD-D0685D12F568}.Release|Any CPU.Build.0 = Release|Any CPU
		{55FC7697-28D4-4262-8790-C05E5749EC5B}.Debug|Any CPU.ActiveCfg = Debug|Any CPU
		{55FC7697-28D4-4262-8790-C05E5749EC5B}.Debug|Any CPU.Build.0 = Debug|Any CPU
		{55FC7697-28D4-4262-8790-C05E5749EC5B}.Release|Any CPU.ActiveCfg = Release|Any CPU
		{55FC7697-28D4-4262-8790-C05E5749EC5B}.Release|Any CPU.Build.0 = Release|Any CPU
	EndGlobalSection
	GlobalSection(SolutionProperties) = preSolution
		HideSolutionNode = FALSE
	EndGlobalSection
	GlobalSection(ExtensibilityGlobals) = postSolution
		SolutionGuid = {0C3B5A43-61B7-480B-B252-797129A47D05}
	EndGlobalSection
EndGlobal
